{
  "name": "mytodolist",
  "version": "1.0.0",
  "lockfileVersion": 1,
  "requires": true,
  "dependencies": {
    "bootstrap": {
      "version": "4.4.1",
      "resolved": "https://registry.npmjs.org/bootstrap/-/bootstrap-4.4.1.tgz",
      "integrity": "sha512-tbx5cHubwE6e2ZG7nqM3g/FZ5PQEDMWmMGNrCUBVRPHXTJaH7CBDdsLeu3eCh3B1tzAxTnAbtmrzvWEvT2NNEA=="
    },
    "pretty-checkbox": {
      "version": "3.0.3",
      "resolved": "https://registry.npmjs.org/pretty-checkbox/-/pretty-checkbox-3.0.3.tgz",
      "integrity": "sha1-1JyAE6j8CO4MLW695FNGS/28Qo4="
    }
  }
}
